// !$*UTF8*$!
{
	archiveVersion = 1;
	classes = {
	};
	objectVersion = 46;
	objects = {

/* Begin PBXBuildFile section */
		A9040E971E69426100191C40 /* AppDelegate.swift in Sources */ = {isa = PBXBuildFile; fileRef = A9040E961E69426100191C40 /* AppDelegate.swift */; };
		A9040E9C1E69426100191C40 /* Main.storyboard in Resources */ = {isa = PBXBuildFile; fileRef = A9040E9A1E69426100191C40 /* Main.storyboard */; };
		A9040E9E1E69426100191C40 /* Assets.xcassets in Resources */ = {isa = PBXBuildFile; fileRef = A9040E9D1E69426100191C40 /* Assets.xcassets */; };
		A9040EA11E69426100191C40 /* LaunchScreen.storyboard in Resources */ = {isa = PBXBuildFile; fileRef = A9040E9F1E69426100191C40 /* LaunchScreen.storyboard */; };
		A9040EAC1E69426100191C40 /* WorldTrotterTests.swift in Sources */ = {isa = PBXBuildFile; fileRef = A9040EAB1E69426100191C40 /* WorldTrotterTests.swift */; };
		A9040EB71E69426100191C40 /* WorldTrotterUITests.swift in Sources */ = {isa = PBXBuildFile; fileRef = A9040EB61E69426100191C40 /* WorldTrotterUITests.swift */; };
		A9040EC51E6E9EE900191C40 /* ConversionViewController.swift in Sources */ = {isa = PBXBuildFile; fileRef = A9040EC41E6E9EE900191C40 /* ConversionViewController.swift */; };
		A9040EC81E71DEA500191C40 /* MapKit.framework in Frameworks */ = {isa = PBXBuildFile; fileRef = A9040EC71E71DEA500191C40 /* MapKit.framework */; };
		A9040ECA1E7207ED00191C40 /* MapViewController.swift in Sources */ = {isa = PBXBuildFile; fileRef = A9040EC91E7207ED00191C40 /* MapViewController.swift */; };
		A9040ECC1E721FA900191C40 /* WebViewController.swift in Sources */ = {isa = PBXBuildFile; fileRef = A9040ECB1E721FA900191C40 /* WebViewController.swift */; };
		A9040ECE1E7221E300191C40 /* WebKit.framework in Frameworks */ = {isa = PBXBuildFile; fileRef = A9040ECD1E7221E300191C40 /* WebKit.framework */; };
		A99FDA701EC522AB00C380E4 /* Artwork.swift in Sources */ = {isa = PBXBuildFile; fileRef = A99FDA6F1EC522AB00C380E4 /* Artwork.swift */; };
		A99FDA721EC5241E00C380E4 /* VCMapView.swift in Sources */ = {isa = PBXBuildFile; fileRef = A99FDA711EC5241E00C380E4 /* VCMapView.swift */; };
		A9D68F841EBAA3A4005EE20A /* Localizable.strings in Resources */ = {isa = PBXBuildFile; fileRef = A9D68F861EBAA3A4005EE20A /* Localizable.strings */; };
		A9DE40591EEBB05700853169 /* JSON.swift in Sources */ = {isa = PBXBuildFile; fileRef = A9DE40581EEBB05700853169 /* JSON.swift */; };
/* End PBXBuildFile section */

/* Begin PBXContainerItemProxy section */
		A9040EA81E69426100191C40 /* PBXContainerItemProxy */ = {
			isa = PBXContainerItemProxy;
			containerPortal = A9040E8B1E69426100191C40 /* Project object */;
			proxyType = 1;
			remoteGlobalIDString = A9040E921E69426100191C40;
			remoteInfo = WorldTrotter;
		};
		A9040EB31E69426100191C40 /* PBXContainerItemProxy */ = {
			isa = PBXContainerItemProxy;
			containerPortal = A9040E8B1E69426100191C40 /* Project object */;
			proxyType = 1;
			remoteGlobalIDString = A9040E921E69426100191C40;
			remoteInfo = WorldTrotter;
		};
/* End PBXContainerItemProxy section */

/* Begin PBXFileReference section */
		A9040E931E69426100191C40 /* WorldTrotter.app */ = {isa = PBXFileReference; explicitFileType = wrapper.application; includeInIndex = 0; path = WorldTrotter.app; sourceTree = BUILT_PRODUCTS_DIR; };
		A9040E961E69426100191C40 /* AppDelegate.swift */ = {isa = PBXFileReference; lastKnownFileType = sourcecode.swift; path = AppDelegate.swift; sourceTree = "<group>"; };
		A9040E9B1E69426100191C40 /* Base */ = {isa = PBXFileReference; lastKnownFileType = file.storyboard; name = Base; path = Base.lproj/Main.storyboard; sourceTree = "<group>"; };
		A9040E9D1E69426100191C40 /* Assets.xcassets */ = {isa = PBXFileReference; lastKnownFileType = folder.assetcatalog; path = Assets.xcassets; sourceTree = "<group>"; };
		A9040EA01E69426100191C40 /* Base */ = {isa = PBXFileReference; lastKnownFileType = file.storyboard; name = Base; path = Base.lproj/LaunchScreen.storyboard; sourceTree = "<group>"; };
		A9040EA21E69426100191C40 /* Info.plist */ = {isa = PBXFileReference; lastKnownFileType = text.plist.xml; path = Info.plist; sourceTree = "<group>"; };
		A9040EA71E69426100191C40 /* WorldTrotterTests.xctest */ = {isa = PBXFileReference; explicitFileType = wrapper.cfbundle; includeInIndex = 0; path = WorldTrotterTests.xctest; sourceTree = BUILT_PRODUCTS_DIR; };
		A9040EAB1E69426100191C40 /* WorldTrotterTests.swift */ = {isa = PBXFileReference; lastKnownFileType = sourcecode.swift; path = WorldTrotterTests.swift; sourceTree = "<group>"; };
		A9040EAD1E69426100191C40 /* Info.plist */ = {isa = PBXFileReference; lastKnownFileType = text.plist.xml; path = Info.plist; sourceTree = "<group>"; };
		A9040EB21E69426100191C40 /* WorldTrotterUITests.xctest */ = {isa = PBXFileReference; explicitFileType = wrapper.cfbundle; includeInIndex = 0; path = WorldTrotterUITests.xctest; sourceTree = BUILT_PRODUCTS_DIR; };
		A9040EB61E69426100191C40 /* WorldTrotterUITests.swift */ = {isa = PBXFileReference; lastKnownFileType = sourcecode.swift; path = WorldTrotterUITests.swift; sourceTree = "<group>"; };
		A9040EB81E69426100191C40 /* Info.plist */ = {isa = PBXFileReference; lastKnownFileType = text.plist.xml; path = Info.plist; sourceTree = "<group>"; };
		A9040EC41E6E9EE900191C40 /* ConversionViewController.swift */ = {isa = PBXFileReference; fileEncoding = 4; lastKnownFileType = sourcecode.swift; path = ConversionViewController.swift; sourceTree = "<group>"; };
		A9040EC71E71DEA500191C40 /* MapKit.framework */ = {isa = PBXFileReference; lastKnownFileType = wrapper.framework; name = MapKit.framework; path = System/Library/Frameworks/MapKit.framework; sourceTree = SDKROOT; };
		A9040EC91E7207ED00191C40 /* MapViewController.swift */ = {isa = PBXFileReference; fileEncoding = 4; lastKnownFileType = sourcecode.swift; path = MapViewController.swift; sourceTree = "<group>"; };
		A9040ECB1E721FA900191C40 /* WebViewController.swift */ = {isa = PBXFileReference; fileEncoding = 4; lastKnownFileType = sourcecode.swift; path = WebViewController.swift; sourceTree = "<group>"; };
		A9040ECD1E7221E300191C40 /* WebKit.framework */ = {isa = PBXFileReference; lastKnownFileType = wrapper.framework; name = WebKit.framework; path = System/Library/Frameworks/WebKit.framework; sourceTree = SDKROOT; };
		A99FDA6F1EC522AB00C380E4 /* Artwork.swift */ = {isa = PBXFileReference; fileEncoding = 4; lastKnownFileType = sourcecode.swift; path = Artwork.swift; sourceTree = "<group>"; };
		A99FDA711EC5241E00C380E4 /* VCMapView.swift */ = {isa = PBXFileReference; fileEncoding = 4; lastKnownFileType = sourcecode.swift; path = VCMapView.swift; sourceTree = "<group>"; };
		A9D68F801EBA97F0005EE20A /* en */ = {isa = PBXFileReference; lastKnownFileType = text.plist.strings; name = en; path = en.lproj/Main.strings; sourceTree = "<group>"; };
		A9D68F811EBA9891005EE20A /* es */ = {isa = PBXFileReference; lastKnownFileType = text.plist.strings; name = es; path = es.lproj/Main.strings; sourceTree = "<group>"; };
		A9D68F851EBAA3A4005EE20A /* Base */ = {isa = PBXFileReference; lastKnownFileType = text.plist.strings; name = Base; path = Base.lproj/Localizable.strings; sourceTree = "<group>"; };
		A9D68F871EBAA3B7005EE20A /* en */ = {isa = PBXFileReference; lastKnownFileType = text.plist.strings; name = en; path = en.lproj/Localizable.strings; sourceTree = "<group>"; };
		A9D68F881EBAA3B8005EE20A /* es */ = {isa = PBXFileReference; lastKnownFileType = text.plist.strings; name = es; path = es.lproj/Localizable.strings; sourceTree = "<group>"; };
		A9DE40581EEBB05700853169 /* JSON.swift */ = {isa = PBXFileReference; fileEncoding = 4; lastKnownFileType = sourcecode.swift; name = JSON.swift; path = "../../../../../Desktop/Misc/Other Swift Tutorial Stuff/HonoluluArt/HonoluluArt/JSON.swift"; sourceTree = "<group>"; };
/* End PBXFileReference section */

/* Begin PBXFrameworksBuildPhase section */
		A9040E901E69426100191C40 /* Frameworks */ = {
			isa = PBXFrameworksBuildPhase;
			buildActionMask = 2147483647;
			files = (
				A9040ECE1E7221E300191C40 /* WebKit.framework in Frameworks */,
				A9040EC81E71DEA500191C40 /* MapKit.framework in Frameworks */,
			);
			runOnlyForDeploymentPostprocessing = 0;
		};
		A9040EA41E69426100191C40 /* Frameworks */ = {
			isa = PBXFrameworksBuildPhase;
			buildActionMask = 2147483647;
			files = (
			);
			runOnlyForDeploymentPostprocessing = 0;
		};
		A9040EAF1E69426100191C40 /* Frameworks */ = {
			isa = PBXFrameworksBuildPhase;
			buildActionMask = 2147483647;
			files = (
			);
			runOnlyForDeploymentPostprocessing = 0;
		};
/* End PBXFrameworksBuildPhase section */

/* Begin PBXGroup section */
		A9040E8A1E69426100191C40 = {
			isa = PBXGroup;
			children = (
				A9040E951E69426100191C40 /* WorldTrotter */,
				A9040EAA1E69426100191C40 /* WorldTrotterTests */,
				A9040EB51E69426100191C40 /* WorldTrotterUITests */,
				A9040E941E69426100191C40 /* Products */,
				A9040EC61E71DEA500191C40 /* Frameworks */,
			);
			sourceTree = "<group>";
		};
		A9040E941E69426100191C40 /* Products */ = {
			isa = PBXGroup;
			children = (
				A9040E931E69426100191C40 /* WorldTrotter.app */,
				A9040EA71E69426100191C40 /* WorldTrotterTests.xctest */,
				A9040EB21E69426100191C40 /* WorldTrotterUITests.xctest */,
			);
			name = Products;
			sourceTree = "<group>";
		};
		A9040E951E69426100191C40 /* WorldTrotter */ = {
			isa = PBXGroup;
			children = (
				A9040E961E69426100191C40 /* AppDelegate.swift */,
				A99FDA6F1EC522AB00C380E4 /* Artwork.swift */,
				A9040EC41E6E9EE900191C40 /* ConversionViewController.swift */,
				A9DE40581EEBB05700853169 /* JSON.swift */,
				A9040EC91E7207ED00191C40 /* MapViewController.swift */,
				A9D68F861EBAA3A4005EE20A /* Localizable.strings */,
				A99FDA711EC5241E00C380E4 /* VCMapView.swift */,
				A9040ECB1E721FA900191C40 /* WebViewController.swift */,
				A9040E9A1E69426100191C40 /* Main.storyboard */,
				A9040E9F1E69426100191C40 /* LaunchScreen.storyboard */,
				A9040E9D1E69426100191C40 /* Assets.xcassets */,
				A9040EA21E69426100191C40 /* Info.plist */,
			);
			path = WorldTrotter;
			sourceTree = "<group>";
		};
		A9040EAA1E69426100191C40 /* WorldTrotterTests */ = {
			isa = PBXGroup;
			children = (
				A9040EAB1E69426100191C40 /* WorldTrotterTests.swift */,
				A9040EAD1E69426100191C40 /* Info.plist */,
			);
			path = WorldTrotterTests;
			sourceTree = "<group>";
		};
		A9040EB51E69426100191C40 /* WorldTrotterUITests */ = {
			isa = PBXGroup;
			children = (
				A9040EB61E69426100191C40 /* WorldTrotterUITests.swift */,
				A9040EB81E69426100191C40 /* Info.plist */,
			);
			path = WorldTrotterUITests;
			sourceTree = "<group>";
		};
		A9040EC61E71DEA500191C40 /* Frameworks */ = {
			isa = PBXGroup;
			children = (
				A9040ECD1E7221E300191C40 /* WebKit.framework */,
				A9040EC71E71DEA500191C40 /* MapKit.framework */,
			);
			name = Frameworks;
			sourceTree = "<group>";
		};
/* End PBXGroup section */

/* Begin PBXNativeTarget section */
		A9040E921E69426100191C40 /* WorldTrotter */ = {
			isa = PBXNativeTarget;
			buildConfigurationList = A9040EBB1E69426100191C40 /* Build configuration list for PBXNativeTarget "WorldTrotter" */;
			buildPhases = (
				A9040E8F1E69426100191C40 /* Sources */,
				A9040E901E69426100191C40 /* Frameworks */,
				A9040E911E69426100191C40 /* Resources */,
			);
			buildRules = (
			);
			dependencies = (
			);
			name = WorldTrotter;
			productName = WorldTrotter;
			productReference = A9040E931E69426100191C40 /* WorldTrotter.app */;
			productType = "com.apple.product-type.application";
		};
		A9040EA61E69426100191C40 /* WorldTrotterTests */ = {
			isa = PBXNativeTarget;
			buildConfigurationList = A9040EBE1E69426100191C40 /* Build configuration list for PBXNativeTarget "WorldTrotterTests" */;
			buildPhases = (
				A9040EA31E69426100191C40 /* Sources */,
				A9040EA41E69426100191C40 /* Frameworks */,
				A9040EA51E69426100191C40 /* Resources */,
			);
			buildRules = (
			);
			dependencies = (
				A9040EA91E69426100191C40 /* PBXTargetDependency */,
			);
			name = WorldTrotterTests;
			productName = WorldTrotterTests;
			productReference = A9040EA71E69426100191C40 /* WorldTrotterTests.xctest */;
			productType = "com.apple.product-type.bundle.unit-test";
		};
		A9040EB11E69426100191C40 /* WorldTrotterUITests */ = {
			isa = PBXNativeTarget;
			buildConfigurationList = A9040EC11E69426100191C40 /* Build configuration list for PBXNativeTarget "WorldTrotterUITests" */;
			buildPhases = (
				A9040EAE1E69426100191C40 /* Sources */,
				A9040EAF1E69426100191C40 /* Frameworks */,
				A9040EB01E69426100191C40 /* Resources */,
			);
			buildRules = (
			);
			dependencies = (
				A9040EB41E69426100191C40 /* PBXTargetDependency */,
			);
			name = WorldTrotterUITests;
			productName = WorldTrotterUITests;
			productReference = A9040EB21E69426100191C40 /* WorldTrotterUITests.xctest */;
			productType = "com.apple.product-type.bundle.ui-testing";
		};
/* End PBXNativeTarget section */

/* Begin PBXProject section */
		A9040E8B1E69426100191C40 /* Project object */ = {
			isa = PBXProject;
			attributes = {
				LastSwiftUpdateCheck = 0820;
				LastUpgradeCheck = 0820;
				ORGANIZATIONNAME = "Antonio Medrano";
				TargetAttributes = {
					A9040E921E69426100191C40 = {
						CreatedOnToolsVersion = 8.2.1;
						DevelopmentTeam = 3KG9M836XW;
						ProvisioningStyle = Automatic;
					};
					A9040EA61E69426100191C40 = {
						CreatedOnToolsVersion = 8.2.1;
						DevelopmentTeam = 3KG9M836XW;
						ProvisioningStyle = Automatic;
						TestTargetID = A9040E921E69426100191C40;
					};
					A9040EB11E69426100191C40 = {
						CreatedOnToolsVersion = 8.2.1;
						DevelopmentTeam = 3KG9M836XW;
						ProvisioningStyle = Automatic;
						TestTargetID = A9040E921E69426100191C40;
					};
				};
			};
			buildConfigurationList = A9040E8E1E69426100191C40 /* Build configuration list for PBXProject "WorldTrotter" */;
			compatibilityVersion = "Xcode 3.2";
			developmentRegion = English;
			hasScannedForEncodings = 0;
			knownRegions = (
				en,
				Base,
				es,
			);
			mainGroup = A9040E8A1E69426100191C40;
			productRefGroup = A9040E941E69426100191C40 /* Products */;
			projectDirPath = "";
			projectRoot = "";
			targets = (
				A9040E921E69426100191C40 /* WorldTrotter */,
				A9040EA61E69426100191C40 /* WorldTrotterTests */,
				A9040EB11E69426100191C40 /* WorldTrotterUITests */,
			);
		};
/* End PBXProject section */

/* Begin PBXResourcesBuildPhase section */
		A9040E911E69426100191C40 /* Resources */ = {
			isa = PBXResourcesBuildPhase;
			buildActionMask = 2147483647;
			files = (
				A9040EA11E69426100191C40 /* LaunchScreen.storyboard in Resources */,
				A9D68F841EBAA3A4005EE20A /* Localizable.strings in Resources */,
				A9040E9E1E69426100191C40 /* Assets.xcassets in Resources */,
				A9040E9C1E69426100191C40 /* Main.storyboard in Resources */,
			);
			runOnlyForDeploymentPostprocessing = 0;
		};
		A9040EA51E69426100191C40 /* Resources */ = {
			isa = PBXResourcesBuildPhase;
			buildActionMask = 2147483647;
			files = (
			);
			runOnlyForDeploymentPostprocessing = 0;
		};
		A9040EB01E69426100191C40 /* Resources */ = {
			isa = PBXResourcesBuildPhase;
			buildActionMask = 2147483647;
			files = (
			);
			runOnlyForDeploymentPostprocessing = 0;
		};
/* End PBXResourcesBuildPhase section */

/* Begin PBXSourcesBuildPhase section */
		A9040E8F1E69426100191C40 /* Sources */ = {
			isa = PBXSourcesBuildPhase;
			buildActionMask = 2147483647;
			files = (
				A99FDA721EC5241E00C380E4 /* VCMapView.swift in Sources */,
				A9DE40591EEBB05700853169 /* JSON.swift in Sources */,
				A99FDA701EC522AB00C380E4 /* Artwork.swift in Sources */,
				A9040EC51E6E9EE900191C40 /* ConversionViewController.swift in Sources */,
				A9040ECA1E7207ED00191C40 /* MapViewController.swift in Sources */,
				A9040E971E69426100191C40 /* AppDelegate.swift in Sources */,
				A9040ECC1E721FA900191C40 /* WebViewController.swift in Sources */,
			);
			runOnlyForDeploymentPostprocessing = 0;
		};
		A9040EA31E69426100191C40 /* Sources */ = {
			isa = PBXSourcesBuildPhase;
			buildActionMask = 2147483647;
			files = (
				A9040EAC1E69426100191C40 /* WorldTrotterTests.swift in Sources */,
			);
			runOnlyForDeploymentPostprocessing = 0;
		};
		A9040EAE1E69426100191C40 /* Sources */ = {
			isa = PBXSourcesBuildPhase;
			buildActionMask = 2147483647;
			files = (
				A9040EB71E69426100191C40 /* WorldTrotterUITests.swift in Sources */,
			);
			runOnlyForDeploymentPostprocessing = 0;
		};
/* End PBXSourcesBuildPhase section */

/* Begin PBXTargetDependency section */
		A9040EA91E69426100191C40 /* PBXTargetDependency */ = {
			isa = PBXTargetDependency;
			target = A9040E921E69426100191C40 /* WorldTrotter */;
			targetProxy = A9040EA81E69426100191C40 /* PBXContainerItemProxy */;
		};
		A9040EB41E69426100191C40 /* PBXTargetDependency */ = {
			isa = PBXTargetDependency;
			target = A9040E921E69426100191C40 /* WorldTrotter */;
			targetProxy = A9040EB31E69426100191C40 /* PBXContainerItemProxy */;
		};
/* End PBXTargetDependency section */

/* Begin PBXVariantGroup section */
		A9040E9A1E69426100191C40 /* Main.storyboard */ = {
			isa = PBXVariantGroup;
			children = (
				A9040E9B1E69426100191C40 /* Base */,
				A9D68F801EBA97F0005EE20A /* en */,
				A9D68F811EBA9891005EE20A /* es */,
			);
			name = Main.storyboard;
			sourceTree = "<group>";
		};
		A9040E9F1E69426100191C40 /* LaunchScreen.storyboard */ = {
			isa = PBXVariantGroup;
			children = (
				A9040EA01E69426100191C40 /* Base */,
			);
			name = LaunchScreen.storyboard;
			sourceTree = "<group>";
		};
		A9D68F861EBAA3A4005EE20A /* Localizable.strings */ = {
			isa = PBXVariantGroup;
			children = (
				A9D68F851EBAA3A4005EE20A /* Base */,
				A9D68F871EBAA3B7005EE20A /* en */,
				A9D68F881EBAA3B8005EE20A /* es */,
			);
			name = Localizable.strings;
			sourceTree = "<group>";
		};
/* End PBXVariantGroup section */

/* Begin XCBuildConfiguration section */
		A9040EB91E69426100191C40 /* Debug */ = {
			isa = XCBuildConfiguration;
			buildSettings = {
				ALWAYS_SEARCH_USER_PATHS = NO;
				CLANG_ANALYZER_LOCALIZABILITY_NONLOCALIZED = YES;
				CLANG_ANALYZER_NONNULL = YES;
				CLANG_CXX_LANGUAGE_STANDARD = "gnu++0x";
				CLANG_CXX_LIBRARY = "libc++";
				CLANG_ENABLE_MODULES = YES;
				CLANG_ENABLE_OBJC_ARC = YES;
				CLANG_WARN_BOOL_CONVERSION = YES;
				CLANG_WARN_CONSTANT_CONVERSION = YES;
				CLANG_WARN_DIRECT_OBJC_ISA_USAGE = YES_ERROR;
				CLANG_WARN_DOCUMENTATION_COMMENTS = YES;
				CLANG_WARN_EMPTY_BODY = YES;
				CLANG_WARN_ENUM_CONVERSION = YES;
				CLANG_WARN_INFINITE_RECURSION = YES;
				CLANG_WARN_INT_CONVERSION = YES;
				CLANG_WARN_OBJC_ROOT_CLASS = YES_ERROR;
				CLANG_WARN_SUSPICIOUS_MOVE = YES;
				CLANG_WARN_UNREACHABLE_CODE = YES;
				CLANG_WARN__DUPLICATE_METHOD_MATCH = YES;
				"CODE_SIGN_IDENTITY[sdk=iphoneos*]" = "iPhone Developer";
				COPY_PHASE_STRIP = NO;
				DEBUG_INFORMATION_FORMAT = dwarf;
				ENABLE_STRICT_OBJC_MSGSEND = YES;
				ENABLE_TESTABILITY = YES;
				GCC_C_LANGUAGE_STANDARD = gnu99;
				GCC_DYNAMIC_NO_PIC = NO;
				GCC_NO_COMMON_BLOCKS = YES;
				GCC_OPTIMIZATION_LEVEL = 0;
				GCC_PREPROCESSOR_DEFINITIONS = (
					"DEBUG=1",
					"$(inherited)",
				);
				GCC_WARN_64_TO_32_BIT_CONVERSION = YES;
				GCC_WARN_ABOUT_RETURN_TYPE = YES_ERROR;
				GCC_WARN_UNDECLARED_SELECTOR = YES;
				GCC_WARN_UNINITIALIZED_AUTOS = YES_AGGRESSIVE;
				GCC_WARN_UNUSED_FUNCTION = YES;
				GCC_WARN_UNUSED_VARIABLE = YES;
				IPHONEOS_DEPLOYMENT_TARGET = 10.2;
				MTL_ENABLE_DEBUG_INFO = YES;
				ONLY_ACTIVE_ARCH = YES;
				SDKROOT = iphoneos;
				SWIFT_ACTIVE_COMPILATION_CONDITIONS = DEBUG;
				SWIFT_OPTIMIZATION_LEVEL = "-Onone";
				TARGETED_DEVICE_FAMILY = "1,2";
			};
			name = Debug;
		};
		A9040EBA1E69426100191C40 /* Release */ = {
			isa = XCBuildConfiguration;
			buildSettings = {
				ALWAYS_SEARCH_USER_PATHS = NO;
				CLANG_ANALYZER_LOCALIZABILITY_NONLOCALIZED = YES;
				CLANG_ANALYZER_NONNULL = YES;
				CLANG_CXX_LANGUAGE_STANDARD = "gnu++0x";
				CLANG_CXX_LIBRARY = "libc++";
				CLANG_ENABLE_MODULES = YES;
				CLANG_ENABLE_OBJC_ARC = YES;
				CLANG_WARN_BOOL_CONVERSION = YES;
				CLANG_WARN_CONSTANT_CONVERSION = YES;
				CLANG_WARN_DIRECT_OBJC_ISA_USAGE = YES_ERROR;
				CLANG_WARN_DOCUMENTATION_COMMENTS = YES;
				CLANG_WARN_EMPTY_BODY = YES;
				CLANG_WARN_ENUM_CONVERSION = YES;
				CLANG_WARN_INFINITE_RECURSION = YES;
				CLANG_WARN_INT_CONVERSION = YES;
				CLANG_WARN_OBJC_ROOT_CLASS = YES_ERROR;
				CLANG_WARN_SUSPICIOUS_MOVE = YES;
				CLANG_WARN_UNREACHABLE_CODE = YES;
				CLANG_WARN__DUPLICATE_METHOD_MATCH = YES;
				"CODE_SIGN_IDENTITY[sdk=iphoneos*]" = "iPhone Developer";
				COPY_PHASE_STRIP = NO;
				DEBUG_INFORMATION_FORMAT = "dwarf-with-dsym";
				ENABLE_NS_ASSERTIONS = NO;
				ENABLE_STRICT_OBJC_MSGSEND = YES;
				GCC_C_LANGUAGE_STANDARD = gnu99;
				GCC_NO_COMMON_BLOCKS = YES;
				GCC_WARN_64_TO_32_BIT_CONVERSION = YES;
				GCC_WARN_ABOUT_RETURN_TYPE = YES_ERROR;
				GCC_WARN_UNDECLARED_SELECTOR = YES;
				GCC_WARN_UNINITIALIZED_AUTOS = YES_AGGRESSIVE;
				GCC_WARN_UNUSED_FUNCTION = YES;
				GCC_WARN_UNUSED_VARIABLE = YES;
				IPHONEOS_DEPLOYMENT_TARGET = 10.2;
				MTL_ENABLE_DEBUG_INFO = NO;
				SDKROOT = iphoneos;
				SWIFT_OPTIMIZATION_LEVEL = "-Owholemodule";
				TARGETED_DEVICE_FAMILY = "1,2";
				VALIDATE_PRODUCT = YES;
			};
			name = Release;
		};
		A9040EBC1E69426100191C40 /* Debug */ = {
			isa = XCBuildConfiguration;
			buildSettings = {
				ASSETCATALOG_COMPILER_APPICON_NAME = AppIcon;
				DEVELOPMENT_TEAM = 3KG9M836XW;
				INFOPLIST_FILE = WorldTrotter/Info.plist;
				LD_RUNPATH_SEARCH_PATHS = "$(inherited) @executable_path/Frameworks";
				PRODUCT_BUNDLE_IDENTIFIER = com.antoniomedrano.WorldTrotter;
				PRODUCT_NAME = "$(TARGET_NAME)";
				SWIFT_VERSION = 3.0;
			};
			name = Debug;
		};
		A9040EBD1E69426100191C40 /* Release */ = {
			isa = XCBuildConfiguration;
			buildSettings = {
				ASSETCATALOG_COMPILER_APPICON_NAME = AppIcon;
				DEVELOPMENT_TEAM = 3KG9M836XW;
				INFOPLIST_FILE = WorldTrotter/Info.plist;
				LD_RUNPATH_SEARCH_PATHS = "$(inherited) @executable_path/Frameworks";
				PRODUCT_BUNDLE_IDENTIFIER = com.antoniomedrano.WorldTrotter;
				PRODUCT_NAME = "$(TARGET_NAME)";
				SWIFT_VERSION = 3.0;
			};
			name = Release;
		};
		A9040EBF1E69426100191C40 /* Debug */ = {
			isa = XCBuildConfiguration;
			buildSettings = {
				ALWAYS_EMBED_SWIFT_STANDARD_LIBRARIES = YES;
				BUNDLE_LOADER = "$(TEST_HOST)";
				DEVELOPMENT_TEAM = 3KG9M836XW;
				INFOPLIST_FILE = WorldTrotterTests/Info.plist;
				LD_RUNPATH_SEARCH_PATHS = "$(inherited) @executable_path/Frameworks @loader_path/Frameworks";
				PRODUCT_BUNDLE_IDENTIFIER = com.antoniomedrano.WorldTrotterTests;
				PRODUCT_NAME = "$(TARGET_NAME)";
				SWIFT_VERSION = 3.0;
				TEST_HOST = "$(BUILT_PRODUCTS_DIR)/WorldTrotter.app/WorldTrotter";
			};
			name = Debug;
		};
		A9040EC01E69426100191C40 /* Release */ = {
			isa = XCBuildConfiguration;
			buildSettings = {
				ALWAYS_EMBED_SWIFT_STANDARD_LIBRARIES = YES;
				BUNDLE_LOADER = "$(TEST_HOST)";
				DEVELOPMENT_TEAM = 3KG9M836XW;
				INFOPLIST_FILE = WorldTrotterTests/Info.plist;
				LD_RUNPATH_SEARCH_PATHS = "$(inherited) @executable_path/Frameworks @loader_path/Frameworks";
				PRODUCT_BUNDLE_IDENTIFIER = com.antoniomedrano.WorldTrotterTests;
				PRODUCT_NAME = "$(TARGET_NAME)";
				SWIFT_VERSION = 3.0;
				TEST_HOST = "$(BUILT_PRODUCTS_DIR)/WorldTrotter.app/WorldTrotter";
			};
			name = Release;
		};
		A9040EC21E69426100191C40 /* Debug */ = {
			isa = XCBuildConfiguration;
			buildSettings = {
				ALWAYS_EMBED_SWIFT_STANDARD_LIBRARIES = YES;
				DEVELOPMENT_TEAM = 3KG9M836XW;
				INFOPLIST_FILE = WorldTrotterUITests/Info.plist;
				LD_RUNPATH_SEARCH_PATHS = "$(inherited) @executable_path/Frameworks @loader_path/Frameworks";
				PRODUCT_BUNDLE_IDENTIFIER = com.antoniomedrano.WorldTrotterUITests;
				PRODUCT_NAME = "$(TARGET_NAME)";
				SWIFT_VERSION = 3.0;
				TEST_TARGET_NAME = WorldTrotter;
			};
			name = Debug;
		};
		A9040EC31E69426100191C40 /* Release */ = {
			isa = XCBuildConfiguration;
			buildSettings = {
				ALWAYS_EMBED_SWIFT_STANDARD_LIBRARIES = YES;
				DEVELOPMENT_TEAM = 3KG9M836XW;
				INFOPLIST_FILE = WorldTrotterUITests/Info.plist;
				LD_RUNPATH_SEARCH_PATHS = "$(inherited) @executable_path/Frameworks @loader_path/Frameworks";
				PRODUCT_BUNDLE_IDENTIFIER = com.antoniomedrano.WorldTrotterUITests;
				PRODUCT_NAME = "$(TARGET_NAME)";
				SWIFT_VERSION = 3.0;
				TEST_TARGET_NAME = WorldTrotter;
			};
			name = Release;
		};
/* End XCBuildConfiguration section */

/* Begin XCConfigurationList section */
		A9040E8E1E69426100191C40 /* Build configuration list for PBXProject "WorldTrotter" */ = {
			isa = XCConfigurationList;
			buildConfigurations = (
				A9040EB91E69426100191C40 /* Debug */,
				A9040EBA1E69426100191C40 /* Release */,
			);
			defaultConfigurationIsVisible = 0;
			defaultConfigurationName = Release;
		};
		A9040EBB1E69426100191C40 /* Build configuration list for PBXNativeTarget "WorldTrotter" */ = {
			isa = XCConfigurationList;
			buildConfigurations = (
				A9040EBC1E69426100191C40 /* Debug */,
				A9040EBD1E69426100191C40 /* Release */,
			);
			defaultConfigurationIsVisible = 0;
			defaultConfigurationName = Release;
		};
		A9040EBE1E69426100191C40 /* Build configuration list for PBXNativeTarget "WorldTrotterTests" */ = {
			isa = XCConfigurationList;
			buildConfigurations = (
				A9040EBF1E69426100191C40 /* Debug */,
				A9040EC01E69426100191C40 /* Release */,
			);
			defaultConfigurationIsVisible = 0;
			defaultConfigurationName = Release;
		};
		A9040EC11E69426100191C40 /* Build configuration list for PBXNativeTarget "WorldTrotterUITests" */ = {
			isa = XCConfigurationList;
			buildConfigurations = (
				A9040EC21E69426100191C40 /* Debug */,
				A9040EC31E69426100191C40 /* Release */,
			);
			defaultConfigurationIsVisible = 0;
			defaultConfigurationName = Release;
		};
/* End XCConfigurationList section */
	};
	rootObject = A9040E8B1E69426100191C40 /* Project object */;
}
